
Microsoft Visual Studio Solution File, Format Version 12.00
# Visual Studio Version 16
VisualStudioVersion = 16.0.30717.126
MinimumVisualStudioVersion = 10.0.40219.1
Project("{FAE04EC0-301F-11D3-BF4B-00C04F79EFBC}") = "CatToy.UWP", "CatToy\CatToy.UWP\CatToy.UWP.csproj", "{9D2C1F1A-75E7-4EE4-949C-DF74BB8D9D74}"
EndProject
Project("{FAE04EC0-301F-11D3-BF4B-00C04F79EFBC}") = "CatToy.Android", "CatToy\CatToy.Android\CatToy.Android.csproj", "{E3351301-034E-4AFC-BD72-DC6B2108D354}"
EndProject
Project("{FAE04EC0-301F-11D3-BF4B-00C04F79EFBC}") = "CatToy.iOS", "CatToy\CatToy.iOS\CatToy.iOS.csproj", "{F0E03582-D524-4245-95C0-FB14013ADA25}"
EndProject
Project("{FAE04EC0-301F-11D3-BF4B-00C04F79EFBC}") = "CatToy", "CatToy\CatToy\CatToy.csproj", "{9BBE9C28-BF55-4574-AFC2-B5CAF61FC265}"
EndProject
Global
	GlobalSection(SolutionConfigurationPlatforms) = preSolution
		Debug|Any CPU = Debug|Any CPU
		Debug|ARM = Debug|ARM
		Debug|iPhone = Debug|iPhone
		Debug|iPhoneSimulator = Debug|iPhoneSimulator
		Debug|x64 = Debug|x64
		Debug|x86 = Debug|x86
		Release|Any CPU = Release|Any CPU
		Release|ARM = Release|ARM
		Release|iPhone = Release|iPhone
		Release|iPhoneSimulator = Release|iPhoneSimulator
		Release|x64 = Release|x64
		Release|x86 = Release|x86
	EndGlobalSection
	GlobalSection(ProjectConfigurationPlatforms) = postSolution
		{9D2C1F1A-75E7-4EE4-949C-DF74BB8D9D74}.Debug|Any CPU.ActiveCfg = Debug|x86
		{9D2C1F1A-75E7-4EE4-949C-DF74BB8D9D74}.Debug|Any CPU.Build.0 = Debug|x86
		{9D2C1F1A-75E7-4EE4-949C-DF74BB8D9D74}.Debug|Any CPU.Deploy.0 = Debug|x86
		{9D2C1F1A-75E7-4EE4-949C-DF74BB8D9D74}.Debug|ARM.ActiveCfg = Debug|ARM
		{9D2C1F1A-75E7-4EE4-949C-DF74BB8D9D74}.Debug|ARM.Build.0 = Debug|ARM
		{9D2C1F1A-75E7-4EE4-949C-DF74BB8D9D74}.Debug|ARM.Deploy.0 = Debug|ARM
		{9D2C1F1A-75E7-4EE4-949C-DF74BB8D9D74}.Debug|iPhone.ActiveCfg = Debug|x86
		{9D2C1F1A-75E7-4EE4-949C-DF74BB8D9D74}.Debug|iPhone.Build.0 = Debug|x86
		{9D2C1F1A-75E7-4EE4-949C-DF74BB8D9D74}.Debug|iPhone.Deploy.0 = Debug|x86
		{9D2C1F1A-75E7-4EE4-949C-DF74BB8D9D74}.Debug|iPhoneSimulator.ActiveCfg = Debug|x86
		{9D2C1F1A-75E7-4EE4-949C-DF74BB8D9D74}.Debug|iPhoneSimulator.Build.0 = Debug|x86
		{9D2C1F1A-75E7-4EE4-949C-DF74BB8D9D74}.Debug|iPhoneSimulator.Deploy.0 = Debug|x86
		{9D2C1F1A-75E7-4EE4-949C-DF74BB8D9D74}.Debug|x64.ActiveCfg = Debug|x64
		{9D2C1F1A-75E7-4EE4-949C-DF74BB8D9D74}.Debug|x64.Build.0 = Debug|x64
		{9D2C1F1A-75E7-4EE4-949C-DF74BB8D9D74}.Debug|x64.Deploy.0 = Debug|x64
		{9D2C1F1A-75E7-4EE4-949C-DF74BB8D9D74}.Debug|x86.ActiveCfg = Debug|x86
		{9D2C1F1A-75E7-4EE4-949C-DF74BB8D9D74}.Debug|x86.Build.0 = Debug|x86
		{9D2C1F1A-75E7-4EE4-949C-DF74BB8D9D74}.Debug|x86.Deploy.0 = Debug|x86
		{9D2C1F1A-75E7-4EE4-949C-DF74BB8D9D74}.Release|Any CPU.ActiveCfg = Release|x86
		{9D2C1F1A-75E7-4EE4-949C-DF74BB8D9D74}.Release|Any CPU.Build.0 = Release|x86
		{9D2C1F1A-75E7-4EE4-949C-DF74BB8D9D74}.Release|Any CPU.Deploy.0 = Release|x86
		{9D2C1F1A-75E7-4EE4-949C-DF74BB8D9D74}.Release|ARM.ActiveCfg = Release|ARM
		{9D2C1F1A-75E7-4EE4-949C-DF74BB8D9D74}.Release|ARM.Build.0 = Release|ARM
		{9D2C1F1A-75E7-4EE4-949C-DF74BB8D9D74}.Release|ARM.Deploy.0 = Release|ARM
		{9D2C1F1A-75E7-4EE4-949C-DF74BB8D9D74}.Release|iPhone.ActiveCfg = Release|x86
		{9D2C1F1A-75E7-4EE4-949C-DF74BB8D9D74}.Release|iPhone.Build.0 = Release|x86
		{9D2C1F1A-75E7-4EE4-949C-DF74BB8D9D74}.Release|iPhone.Deploy.0 = Release|x86
		{9D2C1F1A-75E7-4EE4-949C-DF74BB8D9D74}.Release|iPhoneSimulator.ActiveCfg = Release|x86
		{9D2C1F1A-75E7-4EE4-949C-DF74BB8D9D74}.Release|iPhoneSimulator.Build.0 = Release|x86
		{9D2C1F1A-75E7-4EE4-949C-DF74BB8D9D74}.Release|iPhoneSimulator.Deploy.0 = Release|x86
		{9D2C1F1A-75E7-4EE4-949C-DF74BB8D9D74}.Release|x64.ActiveCfg = Release|x64
		{9D2C1F1A-75E7-4EE4-949C-DF74BB8D9D74}.Release|x64.Build.0 = Release|x64
		{9D2C1F1A-75E7-4EE4-949C-DF74BB8D9D74}.Release|x64.Deploy.0 = Release|x64
		{9D2C1F1A-75E7-4EE4-949C-DF74BB8D9D74}.Release|x86.ActiveCfg = Release|x86
		{9D2C1F1A-75E7-4EE4-949C-DF74BB8D9D74}.Release|x86.Build.0 = Release|x86
		{9D2C1F1A-75E7-4EE4-949C-DF74BB8D9D74}.Release|x86.Deploy.0 = Release|x86
		{E3351301-034E-4AFC-BD72-DC6B2108D354}.Debug|Any CPU.ActiveCfg = Debug|Any CPU
		{E3351301-034E-4AFC-BD72-DC6B2108D354}.Debug|Any CPU.Build.0 = Debug|Any CPU
		{E3351301-034E-4AFC-BD72-DC6B2108D354}.Debug|Any CPU.Deploy.0 = Debug|Any CPU
		{E3351301-034E-4AFC-BD72-DC6B2108D354}.Debug|ARM.ActiveCfg = Debug|Any CPU
		{E3351301-034E-4AFC-BD72-DC6B2108D354}.Debug|ARM.Build.0 = Debug|Any CPU
		{E3351301-034E-4AFC-BD72-DC6B2108D354}.Debug|ARM.Deploy.0 = Debug|Any CPU
		{E3351301-034E-4AFC-BD72-DC6B2108D354}.Debug|iPhone.ActiveCfg = Debug|Any CPU
		{E3351301-034E-4AFC-BD72-DC6B2108D354}.Debug|iPhone.Build.0 = Debug|Any CPU
		{E3351301-034E-4AFC-BD72-DC6B2108D354}.Debug|iPhone.Deploy.0 = Debug|Any CPU
		{E3351301-034E-4AFC-BD72-DC6B2108D354}.Debug|iPhoneSimulator.ActiveCfg = Debug|Any CPU
		{E3351301-034E-4AFC-BD72-DC6B2108D354}.Debug|iPhoneSimulator.Build.0 = Debug|Any CPU
		{E3351301-034E-4AFC-BD72-DC6B2108D354}.Debug|iPhoneSimulator.Deploy.0 = Debug|Any CPU
		{E3351301-034E-4AFC-BD72-DC6B2108D354}.Debug|x64.ActiveCfg = Debug|Any CPU
		{E3351301-034E-4AFC-BD72-DC6B2108D354}.Debug|x64.Build.0 = Debug|Any CPU
		{E3351301-034E-4AFC-BD72-DC6B2108D354}.Debug|x64.Deploy.0 = Debug|Any CPU
		{E3351301-034E-4AFC-BD72-DC6B2108D354}.Debug|x86.ActiveCfg = Debug|Any CPU
		{E3351301-034E-4AFC-BD72-DC6B2108D354}.Debug|x86.Build.0 = Debug|Any CPU
		{E3351301-034E-4AFC-BD72-DC6B2108D354}.Debug|x86.Deploy.0 = Debug|Any CPU
		{E3351301-034E-4AFC-BD72-DC6B2108D354}.Release|Any CPU.ActiveCfg = Release|Any CPU
		{E3351301-034E-4AFC-BD72-DC6B2108D354}.Release|Any CPU.Build.0 = Release|Any CPU
		{E3351301-034E-4AFC-BD72-DC6B2108D354}.Release|Any CPU.Deploy.0 = Release|Any CPU
		{E3351301-034E-4AFC-BD72-DC6B2108D354}.Release|ARM.ActiveCfg = Release|Any CPU
		{E3351301-034E-4AFC-BD72-DC6B2108D354}.Release|ARM.Build.0 = Release|Any CPU
		{E3351301-034E-4AFC-BD72-DC6B2108D354}.Release|ARM.Deploy.0 = Release|Any CPU
		{E3351301-034E-4AFC-BD72-DC6B2108D354}.Release|iPhone.ActiveCfg = Release|Any CPU
		{E3351301-034E-4AFC-BD72-DC6B2108D354}.Release|iPhone.Build.0 = Release|Any CPU
		{E3351301-034E-4AFC-BD72-DC6B2108D354}.Release|iPhone.Deploy.0 = Release|Any CPU
		{E3351301-034E-4AFC-BD72-DC6B2108D354}.Release|iPhoneSimulator.ActiveCfg = Release|Any CPU
		{E3351301-034E-4AFC-BD72-DC6B2108D354}.Release|iPhoneSimulator.Build.0 = Release|Any CPU
		{E3351301-034E-4AFC-BD72-DC6B2108D354}.Release|iPhoneSimulator.Deploy.0 = Release|Any CPU
		{E3351301-034E-4AFC-BD72-DC6B2108D354}.Release|x64.ActiveCfg = Release|Any CPU
		{E3351301-034E-4AFC-BD72-DC6B2108D354}.Release|x64.Build.0 = Release|Any CPU
		{E3351301-034E-4AFC-BD72-DC6B2108D354}.Release|x64.Deploy.0 = Release|Any CPU
		{E3351301-034E-4AFC-BD72-DC6B2108D354}.Release|x86.ActiveCfg = Release|Any CPU
		{E3351301-034E-4AFC-BD72-DC6B2108D354}.Release|x86.Build.0 = Release|Any CPU
		{E3351301-034E-4AFC-BD72-DC6B2108D354}.Release|x86.Deploy.0 = Release|Any CPU
		{F0E03582-D524-4245-95C0-FB14013ADA25}.Debug|Any CPU.ActiveCfg = Debug|iPhoneSimulator
		{F0E03582-D524-4245-95C0-FB14013ADA25}.Debug|Any CPU.Build.0 = Debug|iPhoneSimulator
		{F0E03582-D524-4245-95C0-FB14013ADA25}.Debug|Any CPU.Deploy.0 = Debug|iPhoneSimulator
		{F0E03582-D524-4245-95C0-FB14013ADA25}.Debug|ARM.ActiveCfg = Debug|iPhone
		{F0E03582-D524-4245-95C0-FB14013ADA25}.Debug|ARM.Build.0 = Debug|iPhone
		{F0E03582-D524-4245-95C0-FB14013ADA25}.Debug|ARM.Deploy.0 = Debug|iPhone
		{F0E03582-D524-4245-95C0-FB14013ADA25}.Debug|iPhone.ActiveCfg = Debug|iPhone
		{F0E03582-D524-4245-95C0-FB14013ADA25}.Debug|iPhone.Build.0 = Debug|iPhone
		{F0E03582-D524-4245-95C0-FB14013ADA25}.Debug|iPhone.Deploy.0 = Debug|iPhone
		{F0E03582-D524-4245-95C0-FB14013ADA25}.Debug|iPhoneSimulator.ActiveCfg = Debug|iPhoneSimulator
		{F0E03582-D524-4245-95C0-FB14013ADA25}.Debug|iPhoneSimulator.Build.0 = Debug|iPhoneSimulator
		{F0E03582-D524-4245-95C0-FB14013ADA25}.Debug|iPhoneSimulator.Deploy.0 = Debug|iPhoneSimulator
		{F0E03582-D524-4245-95C0-FB14013ADA25}.Debug|x64.ActiveCfg = Debug|iPhoneSimulator
		{F0E03582-D524-4245-95C0-FB14013ADA25}.Debug|x64.Build.0 = Debug|iPhoneSimulator
		{F0E03582-D524-4245-95C0-FB14013ADA25}.Debug|x64.Deploy.0 = Debug|iPhoneSimulator
		{F0E03582-D524-4245-95C0-FB14013ADA25}.Debug|x86.ActiveCfg = Debug|iPhoneSimulator
		{F0E03582-D524-4245-95C0-FB14013ADA25}.Debug|x86.Build.0 = Debug|iPhoneSimulator
		{F0E03582-D524-4245-95C0-FB14013ADA25}.Debug|x86.Deploy.0 = Debug|iPhoneSimulator
		{F0E03582-D524-4245-95C0-FB14013ADA25}.Release|Any CPU.ActiveCfg = Release|iPhoneSimulator
		{F0E03582-D524-4245-95C0-FB14013ADA25}.Release|Any CPU.Build.0 = Release|iPhoneSimulator
		{F0E03582-D524-4245-95C0-FB14013ADA25}.Release|Any CPU.Deploy.0 = Release|iPhoneSimulator
		{F0E03582-D524-4245-95C0-FB14013ADA25}.Release|ARM.ActiveCfg = Release|iPhoneSimulator
		{F0E03582-D524-4245-95C0-FB14013ADA25}.Release|ARM.Build.0 = Release|iPhoneSimulator
		{F0E03582-D524-4245-95C0-FB14013ADA25}.Release|ARM.Deploy.0 = Release|iPhoneSimulator
		{F0E03582-D524-4245-95C0-FB14013ADA25}.Release|iPhone.ActiveCfg = Release|iPhone
		{F0E03582-D524-4245-95C0-FB14013ADA25}.Release|iPhone.Build.0 = Release|iPhone
		{F0E03582-D524-4245-95C0-FB14013ADA25}.Release|iPhone.Deploy.0 = Release|iPhone
		{F0E03582-D524-4245-95C0-FB14013ADA25}.Release|iPhoneSimulator.ActiveCfg = Release|iPhoneSimulator
		{F0E03582-D524-4245-95C0-FB14013ADA25}.Release|iPhoneSimulator.Build.0 = Release|iPhoneSimulator
		{F0E03582-D524-4245-95C0-FB14013ADA25}.Release|iPhoneSimulator.Deploy.0 = Release|iPhoneSimulator
		{F0E03582-D524-4245-95C0-FB14013ADA25}.Release|x64.ActiveCfg = Release|iPhoneSimulator
		{F0E03582-D524-4245-95C0-FB14013ADA25}.Release|x64.Build.0 = Release|iPhoneSimulator
		{F0E03582-D524-4245-95C0-FB14013ADA25}.Release|x64.Deploy.0 = Release|iPhoneSimulator
		{F0E03582-D524-4245-95C0-FB14013ADA25}.Release|x86.ActiveCfg = Release|iPhoneSimulator
		{F0E03582-D524-4245-95C0-FB14013ADA25}.Release|x86.Build.0 = Release|iPhoneSimulator
		{F0E03582-D524-4245-95C0-FB14013ADA25}.Release|x86.Deploy.0 = Release|iPhoneSimulator
		{9BBE9C28-BF55-4574-AFC2-B5CAF61FC265}.Debug|Any CPU.ActiveCfg = Debug|Any CPU
		{9BBE9C28-BF55-4574-AFC2-B5CAF61FC265}.Debug|Any CPU.Build.0 = Debug|Any CPU
		{9BBE9C28-BF55-4574-AFC2-B5CAF61FC265}.Debug|Any CPU.Deploy.0 = Debug|Any CPU
		{9BBE9C28-BF55-4574-AFC2-B5CAF61FC265}.Debug|ARM.ActiveCfg = Debug|Any CPU
		{9BBE9C28-BF55-4574-AFC2-B5CAF61FC265}.Debug|ARM.Build.0 = Debug|Any CPU
		{9BBE9C28-BF55-4574-AFC2-B5CAF61FC265}.Debug|ARM.Deploy.0 = Debug|Any CPU
		{9BBE9C28-BF55-4574-AFC2-B5CAF61FC265}.Debug|iPhone.ActiveCfg = Debug|Any CPU
		{9BBE9C28-BF55-4574-AFC2-B5CAF61FC265}.Debug|iPhone.Build.0 = Debug|Any CPU
		{9BBE9C28-BF55-4574-AFC2-B5CAF61FC265}.Debug|iPhone.Deploy.0 = Debug|Any CPU
		{9BBE9C28-BF55-4574-AFC2-B5CAF61FC265}.Debug|iPhoneSimulator.ActiveCfg = Debug|Any CPU
		{9BBE9C28-BF55-4574-AFC2-B5CAF61FC265}.Debug|iPhoneSimulator.Build.0 = Debug|Any CPU
		{9BBE9C28-BF55-4574-AFC2-B5CAF61FC265}.Debug|iPhoneSimulator.Deploy.0 = Debug|Any CPU
		{9BBE9C28-BF55-4574-AFC2-B5CAF61FC265}.Debug|x64.ActiveCfg = Debug|Any CPU
		{9BBE9C28-BF55-4574-AFC2-B5CAF61FC265}.Debug|x64.Build.0 = Debug|Any CPU
		{9BBE9C28-BF55-4574-AFC2-B5CAF61FC265}.Debug|x64.Deploy.0 = Debug|Any CPU
		{9BBE9C28-BF55-4574-AFC2-B5CAF61FC265}.Debug|x86.ActiveCfg = Debug|Any CPU
		{9BBE9C28-BF55-4574-AFC2-B5CAF61FC265}.Debug|x86.Build.0 = Debug|Any CPU
		{9BBE9C28-BF55-4574-AFC2-B5CAF61FC265}.Debug|x86.Deploy.0 = Debug|Any CPU
		{9BBE9C28-BF55-4574-AFC2-B5CAF61FC265}.Release|Any CPU.ActiveCfg = Release|Any CPU
		{9BBE9C28-BF55-4574-AFC2-B5CAF61FC265}.Release|Any CPU.Build.0 = Release|Any CPU
		{9BBE9C28-BF55-4574-AFC2-B5CAF61FC265}.Release|Any CPU.Deploy.0 = Release|Any CPU
		{9BBE9C28-BF55-4574-AFC2-B5CAF61FC265}.Release|ARM.ActiveCfg = Release|Any CPU
		{9BBE9C28-BF55-4574-AFC2-B5CAF61FC265}.Release|ARM.Build.0 = Release|Any CPU
		{9BBE9C28-BF55-4574-AFC2-B5CAF61FC265}.Release|ARM.Deploy.0 = Release|Any CPU
		{9BBE9C28-BF55-4574-AFC2-B5CAF61FC265}.Release|iPhone.ActiveCfg = Release|Any CPU
		{9BBE9C28-BF55-4574-AFC2-B5CAF61FC265}.Release|iPhone.Build.0 = Release|Any CPU
		{9BBE9C28-BF55-4574-AFC2-B5CAF61FC265}.Release|iPhone.Deploy.0 = Release|Any CPU
		{9BBE9C28-BF55-4574-AFC2-B5CAF61FC265}.Release|iPhoneSimulator.ActiveCfg = Release|Any CPU
		{9BBE9C28-BF55-4574-AFC2-B5CAF61FC265}.Release|iPhoneSimulator.Build.0 = Release|Any CPU
		{9BBE9C28-BF55-4574-AFC2-B5CAF61FC265}.Release|iPhoneSimulator.Deploy.0 = Release|Any CPU
		{9BBE9C28-BF55-4574-AFC2-B5CAF61FC265}.Release|x64.ActiveCfg = Release|Any CPU
		{9BBE9C28-BF55-4574-AFC2-B5CAF61FC265}.Release|x64.Build.0 = Release|Any CPU
		{9BBE9C28-BF55-4574-AFC2-B5CAF61FC265}.Release|x64.Deploy.0 = Release|Any CPU
		{9BBE9C28-BF55-4574-AFC2-B5CAF61FC265}.Release|x86.ActiveCfg = Release|Any CPU
		{9BBE9C28-BF55-4574-AFC2-B5CAF61FC265}.Release|x86.Build.0 = Release|Any CPU
		{9BBE9C28-BF55-4574-AFC2-B5CAF61FC265}.Release|x86.Deploy.0 = Release|Any CPU
	EndGlobalSection
	GlobalSection(SolutionProperties) = preSolution
		HideSolutionNode = FALSE
	EndGlobalSection
	GlobalSection(ExtensibilityGlobals) = postSolution
		SolutionGuid = {CCCBCC21-E9F2-4131-8646-2B84889ADDAE}
	EndGlobalSection
EndGlobal
